{
  "name": "evalution",
  "version": "1.0.0",
  "lockfileVersion": 2,
  "requires": true,
  "packages": {
    "": {
      "name": "evalution",
      "version": "1.0.0",
      "license": "ISC",
      "dependencies": {
        "cesium": "^1.93.0"
      }
    },
    "node_modules/cesium": {
      "version": "1.93.0",
      "resolved": "https://registry.npmjs.org/cesium/-/cesium-1.93.0.tgz",
      "integrity": "sha512-y5+KkISn3+0MZxGj96mNaZc5LAfpiOs1fmZCInH2xHwYw43FaaRbvdSHXZs8OwJ5dZIlo/m1biMyOKr354L+UA=="
    }
  },
  "dependencies": {
    "cesium": {
      "version": "1.93.0",
      "resolved": "https://registry.npmjs.org/cesium/-/cesium-1.93.0.tgz",
      "integrity": "sha512-y5+KkISn3+0MZxGj96mNaZc5LAfpiOs1fmZCInH2xHwYw43FaaRbvdSHXZs8OwJ5dZIlo/m1biMyOKr354L+UA=="
    }
  }
}
